
Microsoft Visual Studio Solution File, Format Version 12.00
# Visual Studio Version 17
VisualStudioVersion = 17.8.34525.116
MinimumVisualStudioVersion = 10.0.40219.1
Project("{FAE04EC0-301F-11D3-BF4B-00C04F79EFBC}") = "EntMtextOrDimToSumOrCount", "EntMtextOrDimToSumOrCount.csproj", "{231AB582-9FDE-4E23-99EA-A3748B5BBC4B}"
EndProject
Global
	GlobalSection(SolutionConfigurationPlatforms) = preSolution
		Debug|Any CPU = Debug|Any CPU
		Release|Any CPU = Release|Any CPU
	EndGlobalSection
	GlobalSection(ProjectConfigurationPlatforms) = postSolution
		{231AB582-9FDE-4E23-99EA-A3748B5BBC4B}.Debug|Any CPU.ActiveCfg = Debug|Any CPU
		{231AB582-9FDE-4E23-99EA-A3748B5BBC4B}.Debug|Any CPU.Build.0 = Debug|Any CPU
		{231AB582-9FDE-4E23-99EA-A3748B5BBC4B}.Release|Any CPU.ActiveCfg = Release|Any CPU
		{231AB582-9FDE-4E23-99EA-A3748B5BBC4B}.Release|Any CPU.Build.0 = Release|Any CPU
	EndGlobalSection
	GlobalSection(SolutionProperties) = preSolution
		HideSolutionNode = FALSE
	EndGlobalSection
	GlobalSection(ExtensibilityGlobals) = postSolution
		SolutionGuid = {B9C3FA4E-BB19-4432-8F0F-602298526BAC}
	EndGlobalSection
EndGlobal
